# This file is automatically @generated by Cargo.
# It is not intended for manual editing.
version = 3

[[package]]
name = "pmx-cli"
version = "0.1.0"
dependencies = [
 "pmx-gguf",
 "pmx-partition",
 "pmx-plan",
 "pmx-probe",
 "pmx-trace",
]

[[package]]
name = "pmx-gguf"
version = "0.1.0"

[[package]]
name = "pmx-partition"
version = "0.1.0"
dependencies = [
 "pmx-probe",
 "pmx-trace",
]

[[package]]
name = "pmx-plan"
version = "0.1.0"
dependencies = [
 "pmx-trace",
]

[[package]]
name = "pmx-probe"
version = "0.1.0"

[[package]]
name = "pmx-trace"
version = "0.1.0"
