# This file is automatically @generated by Cargo.
# It is not intended for manual editing.
version = 3

[[package]]
name = "pmx-cache"
version = "0.1.0"

[[package]]
name = "pmx-cli"
version = "0.1.0"
dependencies = [
 "pmx-cache",
 "pmx-gguf",
 "pmx-kernels",
 "pmx-kio",
 "pmx-partition",
 "pmx-plan",
 "pmx-predict",
 "pmx-probe",
 "pmx-runtime",
 "pmx-store",
 "pmx-trace",
]

[[package]]
name = "pmx-gguf"
version = "0.1.0"

[[package]]
name = "pmx-kernels"
version = "0.1.0"

[[package]]
name = "pmx-kio"
version = "0.1.0"

[[package]]
name = "pmx-partition"
version = "0.1.0"
dependencies = [
 "pmx-probe",
 "pmx-trace",
]

[[package]]
name = "pmx-plan"
version = "0.1.0"
dependencies = [
 "pmx-trace",
]

[[package]]
name = "pmx-predict"
version = "0.1.0"
dependencies = [
 "pmx-trace",
]

[[package]]
name = "pmx-probe"
version = "0.1.0"

[[package]]
name = "pmx-runtime"
version = "0.1.0"
dependencies = [
 "pmx-cache",
 "pmx-kernels",
 "pmx-predict",
 "pmx-probe",
 "pmx-store",
 "pmx-trace",
]

[[package]]
name = "pmx-store"
version = "0.1.0"
dependencies = [
 "pmx-kernels",
]

[[package]]
name = "pmx-trace"
version = "0.1.0"
